
Microsoft Visual Studio Solution File, Format Version 12.00
# Visual Studio Version 16
VisualStudioVersion = 16.0.30320.27
MinimumVisualStudioVersion = 10.0.40219.1
Project("{FAE04EC0-301F-11D3-BF4B-00C04F79EFBC}") = "VisualStudioApp", "VisualStudioApp.csproj", "{65255565-48DA-4A2B-8853-27360CB0301A}"
EndProject
Global
	GlobalSection(SolutionConfigurationPlatforms) = preSolution
		Debug|Any CPU = Debug|Any CPU
		Release|Any CPU = Release|Any CPU
	EndGlobalSection
	GlobalSection(ProjectConfigurationPlatforms) = postSolution
		{65255565-48DA-4A2B-8853-27360CB0301A}.Debug|Any CPU.ActiveCfg = Debug|Any CPU
		{65255565-48DA-4A2B-8853-27360CB0301A}.Debug|Any CPU.Build.0 = Debug|Any CPU
		{65255565-48DA-4A2B-8853-27360CB0301A}.Release|Any CPU.ActiveCfg = Release|Any CPU
		{65255565-48DA-4A2B-8853-27360CB0301A}.Release|Any CPU.Build.0 = Release|Any CPU
	EndGlobalSection
	GlobalSection(SolutionProperties) = preSolution
		HideSolutionNode = FALSE
	EndGlobalSection
	GlobalSection(ExtensibilityGlobals) = postSolution
		SolutionGuid = {1A6DAB5F-1719-4CA2-BEFE-C6F7055E13F3}
	EndGlobalSection
EndGlobal
